Microsoft Visual Studio Solution File, Format Version 12.00
# Visual Studio 15
Project("{8BC9CEB8-8B4A-11D0-8D11-00A0C91BC942}") = "ALL_BUILD", "ALL_BUILD.vcxproj", "{829BD967-4AB0-39DB-9E24-700A814C829E}"
	ProjectSection(ProjectDependencies) = postProject
		{99256C99-2C31-323E-97AF-4E237A89379A} = {99256C99-2C31-323E-97AF-4E237A89379A}
		{84896E56-9972-3DC1-AE24-D4F1A34B364F} = {84896E56-9972-3DC1-AE24-D4F1A34B364F}
	EndProjectSection
EndProject
Project("{8BC9CEB8-8B4A-11D0-8D11-00A0C91BC942}") = "CC_CORE_LIB", "..\..\..\CC\CC_CORE_LIB.vcxproj", "{C28F068F-FDAF-3D92-ACCD-9E19DE00E665}"
	ProjectSection(ProjectDependencies) = postProject
		{84896E56-9972-3DC1-AE24-D4F1A34B364F} = {84896E56-9972-3DC1-AE24-D4F1A34B364F}
	EndProjectSection
EndProject
Project("{8BC9CEB8-8B4A-11D0-8D11-00A0C91BC942}") = "CC_FBO_LIB", "..\..\..\libs\CCFbo\CC_FBO_LIB.vcxproj", "{7A4716CA-CF96-376C-9F81-786D8A29BBB5}"
	ProjectSection(ProjectDependencies) = postProject
		{84896E56-9972-3DC1-AE24-D4F1A34B364F} = {84896E56-9972-3DC1-AE24-D4F1A34B364F}
	EndProjectSection
EndProject
Project("{8BC9CEB8-8B4A-11D0-8D11-00A0C91BC942}") = "VBBDDescriptorPlugin", "VBBDDescriptorPlugin.vcxproj", "{99256C99-2C31-323E-97AF-4E237A89379A}"
	ProjectSection(ProjectDependencies) = postProject
		{C28F068F-FDAF-3D92-ACCD-9E19DE00E665} = {C28F068F-FDAF-3D92-ACCD-9E19DE00E665}
		{7A4716CA-CF96-376C-9F81-786D8A29BBB5} = {7A4716CA-CF96-376C-9F81-786D8A29BBB5}
		{81F1608C-57B2-34B4-8E56-3B2CB8DF696E} = {81F1608C-57B2-34B4-8E56-3B2CB8DF696E}
		{C690A8D6-F994-3531-A73A-3E161D0FF6FD} = {C690A8D6-F994-3531-A73A-3E161D0FF6FD}
		{3F14B52D-FCFC-345C-A739-B3C33B3BA86D} = {3F14B52D-FCFC-345C-A739-B3C33B3BA86D}
		{84896E56-9972-3DC1-AE24-D4F1A34B364F} = {84896E56-9972-3DC1-AE24-D4F1A34B364F}
	EndProjectSection
EndProject
Project("{8BC9CEB8-8B4A-11D0-8D11-00A0C91BC942}") = "INSTALL", "INSTALL.vcxproj", "{3E1582FB-C957-3CB6-9EEC-286D29CB0885}"
	ProjectSection(ProjectDependencies) = postProject
		{829BD967-4AB0-39DB-9E24-700A814C829E} = {829BD967-4AB0-39DB-9E24-700A814C829E}
		{84896E56-9972-3DC1-AE24-D4F1A34B364F} = {84896E56-9972-3DC1-AE24-D4F1A34B364F}
	EndProjectSection
EndProject
Project("{8BC9CEB8-8B4A-11D0-8D11-00A0C91BC942}") = "QCC_DB_LIB", "..\..\..\libs\qCC_db\QCC_DB_LIB.vcxproj", "{81F1608C-57B2-34B4-8E56-3B2CB8DF696E}"
	ProjectSection(ProjectDependencies) = postProject
		{C28F068F-FDAF-3D92-ACCD-9E19DE00E665} = {C28F068F-FDAF-3D92-ACCD-9E19DE00E665}
		{7A4716CA-CF96-376C-9F81-786D8A29BBB5} = {7A4716CA-CF96-376C-9F81-786D8A29BBB5}
		{84896E56-9972-3DC1-AE24-D4F1A34B364F} = {84896E56-9972-3DC1-AE24-D4F1A34B364F}
	EndProjectSection
EndProject
Project("{8BC9CEB8-8B4A-11D0-8D11-00A0C91BC942}") = "QCC_GL_LIB", "..\..\..\libs\qCC_glWindow\QCC_GL_LIB.vcxproj", "{C690A8D6-F994-3531-A73A-3E161D0FF6FD}"
	ProjectSection(ProjectDependencies) = postProject
		{C28F068F-FDAF-3D92-ACCD-9E19DE00E665} = {C28F068F-FDAF-3D92-ACCD-9E19DE00E665}
		{7A4716CA-CF96-376C-9F81-786D8A29BBB5} = {7A4716CA-CF96-376C-9F81-786D8A29BBB5}
		{81F1608C-57B2-34B4-8E56-3B2CB8DF696E} = {81F1608C-57B2-34B4-8E56-3B2CB8DF696E}
		{84896E56-9972-3DC1-AE24-D4F1A34B364F} = {84896E56-9972-3DC1-AE24-D4F1A34B364F}
	EndProjectSection
EndProject
Project("{8BC9CEB8-8B4A-11D0-8D11-00A0C91BC942}") = "QCC_IO_LIB", "..\..\..\libs\qCC_io\QCC_IO_LIB.vcxproj", "{3F14B52D-FCFC-345C-A739-B3C33B3BA86D}"
	ProjectSection(ProjectDependencies) = postProject
		{C28F068F-FDAF-3D92-ACCD-9E19DE00E665} = {C28F068F-FDAF-3D92-ACCD-9E19DE00E665}
		{7A4716CA-CF96-376C-9F81-786D8A29BBB5} = {7A4716CA-CF96-376C-9F81-786D8A29BBB5}
		{81F1608C-57B2-34B4-8E56-3B2CB8DF696E} = {81F1608C-57B2-34B4-8E56-3B2CB8DF696E}
		{84896E56-9972-3DC1-AE24-D4F1A34B364F} = {84896E56-9972-3DC1-AE24-D4F1A34B364F}
	EndProjectSection
EndProject
Project("{8BC9CEB8-8B4A-11D0-8D11-00A0C91BC942}") = "ZERO_CHECK", "..\..\..\\ZERO_CHECK.vcxproj", "{84896E56-9972-3DC1-AE24-D4F1A34B364F}"
	ProjectSection(ProjectDependencies) = postProject
	EndProjectSection
EndProject
Global
	GlobalSection(SolutionConfigurationPlatforms) = preSolution
		Debug|x64 = Debug|x64
		Release|x64 = Release|x64
		MinSizeRel|x64 = MinSizeRel|x64
		RelWithDebInfo|x64 = RelWithDebInfo|x64
	EndGlobalSection
	GlobalSection(ProjectConfigurationPlatforms) = postSolution
		{829BD967-4AB0-39DB-9E24-700A814C829E}.Debug|x64.ActiveCfg = Debug|x64
		{829BD967-4AB0-39DB-9E24-700A814C829E}.Debug|x64.Build.0 = Debug|x64
		{829BD967-4AB0-39DB-9E24-700A814C829E}.Release|x64.ActiveCfg = Release|x64
		{829BD967-4AB0-39DB-9E24-700A814C829E}.Release|x64.Build.0 = Release|x64
		{829BD967-4AB0-39DB-9E24-700A814C829E}.MinSizeRel|x64.ActiveCfg = MinSizeRel|x64
		{829BD967-4AB0-39DB-9E24-700A814C829E}.MinSizeRel|x64.Build.0 = MinSizeRel|x64
		{829BD967-4AB0-39DB-9E24-700A814C829E}.RelWithDebInfo|x64.ActiveCfg = RelWithDebInfo|x64
		{829BD967-4AB0-39DB-9E24-700A814C829E}.RelWithDebInfo|x64.Build.0 = RelWithDebInfo|x64
		{C28F068F-FDAF-3D92-ACCD-9E19DE00E665}.Debug|x64.ActiveCfg = Debug|x64
		{C28F068F-FDAF-3D92-ACCD-9E19DE00E665}.Debug|x64.Build.0 = Debug|x64
		{C28F068F-FDAF-3D92-ACCD-9E19DE00E665}.Release|x64.ActiveCfg = Release|x64
		{C28F068F-FDAF-3D92-ACCD-9E19DE00E665}.Release|x64.Build.0 = Release|x64
		{C28F068F-FDAF-3D92-ACCD-9E19DE00E665}.MinSizeRel|x64.ActiveCfg = MinSizeRel|x64
		{C28F068F-FDAF-3D92-ACCD-9E19DE00E665}.MinSizeRel|x64.Build.0 = MinSizeRel|x64
		{C28F068F-FDAF-3D92-ACCD-9E19DE00E665}.RelWithDebInfo|x64.ActiveCfg = RelWithDebInfo|x64
		{C28F068F-FDAF-3D92-ACCD-9E19DE00E665}.RelWithDebInfo|x64.Build.0 = RelWithDebInfo|x64
		{7A4716CA-CF96-376C-9F81-786D8A29BBB5}.Debug|x64.ActiveCfg = Debug|x64
		{7A4716CA-CF96-376C-9F81-786D8A29BBB5}.Debug|x64.Build.0 = Debug|x64
		{7A4716CA-CF96-376C-9F81-786D8A29BBB5}.Release|x64.ActiveCfg = Release|x64
		{7A4716CA-CF96-376C-9F81-786D8A29BBB5}.Release|x64.Build.0 = Release|x64
		{7A4716CA-CF96-376C-9F81-786D8A29BBB5}.MinSizeRel|x64.ActiveCfg = MinSizeRel|x64
		{7A4716CA-CF96-376C-9F81-786D8A29BBB5}.MinSizeRel|x64.Build.0 = MinSizeRel|x64
		{7A4716CA-CF96-376C-9F81-786D8A29BBB5}.RelWithDebInfo|x64.ActiveCfg = RelWithDebInfo|x64
		{7A4716CA-CF96-376C-9F81-786D8A29BBB5}.RelWithDebInfo|x64.Build.0 = RelWithDebInfo|x64
		{99256C99-2C31-323E-97AF-4E237A89379A}.Debug|x64.ActiveCfg = Debug|x64
		{99256C99-2C31-323E-97AF-4E237A89379A}.Debug|x64.Build.0 = Debug|x64
		{99256C99-2C31-323E-97AF-4E237A89379A}.Release|x64.ActiveCfg = Release|x64
		{99256C99-2C31-323E-97AF-4E237A89379A}.Release|x64.Build.0 = Release|x64
		{99256C99-2C31-323E-97AF-4E237A89379A}.MinSizeRel|x64.ActiveCfg = MinSizeRel|x64
		{99256C99-2C31-323E-97AF-4E237A89379A}.MinSizeRel|x64.Build.0 = MinSizeRel|x64
		{99256C99-2C31-323E-97AF-4E237A89379A}.RelWithDebInfo|x64.ActiveCfg = RelWithDebInfo|x64
		{99256C99-2C31-323E-97AF-4E237A89379A}.RelWithDebInfo|x64.Build.0 = RelWithDebInfo|x64
		{3E1582FB-C957-3CB6-9EEC-286D29CB0885}.Debug|x64.ActiveCfg = Debug|x64
		{3E1582FB-C957-3CB6-9EEC-286D29CB0885}.Release|x64.ActiveCfg = Release|x64
		{3E1582FB-C957-3CB6-9EEC-286D29CB0885}.MinSizeRel|x64.ActiveCfg = MinSizeRel|x64
		{3E1582FB-C957-3CB6-9EEC-286D29CB0885}.RelWithDebInfo|x64.ActiveCfg = RelWithDebInfo|x64
		{81F1608C-57B2-34B4-8E56-3B2CB8DF696E}.Debug|x64.ActiveCfg = Debug|x64
		{81F1608C-57B2-34B4-8E56-3B2CB8DF696E}.Debug|x64.Build.0 = Debug|x64
		{81F1608C-57B2-34B4-8E56-3B2CB8DF696E}.Release|x64.ActiveCfg = Release|x64
		{81F1608C-57B2-34B4-8E56-3B2CB8DF696E}.Release|x64.Build.0 = Release|x64
		{81F1608C-57B2-34B4-8E56-3B2CB8DF696E}.MinSizeRel|x64.ActiveCfg = MinSizeRel|x64
		{81F1608C-57B2-34B4-8E56-3B2CB8DF696E}.MinSizeRel|x64.Build.0 = MinSizeRel|x64
		{81F1608C-57B2-34B4-8E56-3B2CB8DF696E}.RelWithDebInfo|x64.ActiveCfg = RelWithDebInfo|x64
		{81F1608C-57B2-34B4-8E56-3B2CB8DF696E}.RelWithDebInfo|x64.Build.0 = RelWithDebInfo|x64
		{C690A8D6-F994-3531-A73A-3E161D0FF6FD}.Debug|x64.ActiveCfg = Debug|x64
		{C690A8D6-F994-3531-A73A-3E161D0FF6FD}.Debug|x64.Build.0 = Debug|x64
		{C690A8D6-F994-3531-A73A-3E161D0FF6FD}.Release|x64.ActiveCfg = Release|x64
		{C690A8D6-F994-3531-A73A-3E161D0FF6FD}.Release|x64.Build.0 = Release|x64
		{C690A8D6-F994-3531-A73A-3E161D0FF6FD}.MinSizeRel|x64.ActiveCfg = MinSizeRel|x64
		{C690A8D6-F994-3531-A73A-3E161D0FF6FD}.MinSizeRel|x64.Build.0 = MinSizeRel|x64
		{C690A8D6-F994-3531-A73A-3E161D0FF6FD}.RelWithDebInfo|x64.ActiveCfg = RelWithDebInfo|x64
		{C690A8D6-F994-3531-A73A-3E161D0FF6FD}.RelWithDebInfo|x64.Build.0 = RelWithDebInfo|x64
		{3F14B52D-FCFC-345C-A739-B3C33B3BA86D}.Debug|x64.ActiveCfg = Debug|x64
		{3F14B52D-FCFC-345C-A739-B3C33B3BA86D}.Debug|x64.Build.0 = Debug|x64
		{3F14B52D-FCFC-345C-A739-B3C33B3BA86D}.Release|x64.ActiveCfg = Release|x64
		{3F14B52D-FCFC-345C-A739-B3C33B3BA86D}.Release|x64.Build.0 = Release|x64
		{3F14B52D-FCFC-345C-A739-B3C33B3BA86D}.MinSizeRel|x64.ActiveCfg = MinSizeRel|x64
		{3F14B52D-FCFC-345C-A739-B3C33B3BA86D}.MinSizeRel|x64.Build.0 = MinSizeRel|x64
		{3F14B52D-FCFC-345C-A739-B3C33B3BA86D}.RelWithDebInfo|x64.ActiveCfg = RelWithDebInfo|x64
		{3F14B52D-FCFC-345C-A739-B3C33B3BA86D}.RelWithDebInfo|x64.Build.0 = RelWithDebInfo|x64
		{84896E56-9972-3DC1-AE24-D4F1A34B364F}.Debug|x64.ActiveCfg = Debug|x64
		{84896E56-9972-3DC1-AE24-D4F1A34B364F}.Debug|x64.Build.0 = Debug|x64
		{84896E56-9972-3DC1-AE24-D4F1A34B364F}.Release|x64.ActiveCfg = Release|x64
		{84896E56-9972-3DC1-AE24-D4F1A34B364F}.Release|x64.Build.0 = Release|x64
		{84896E56-9972-3DC1-AE24-D4F1A34B364F}.MinSizeRel|x64.ActiveCfg = MinSizeRel|x64
		{84896E56-9972-3DC1-AE24-D4F1A34B364F}.MinSizeRel|x64.Build.0 = MinSizeRel|x64
		{84896E56-9972-3DC1-AE24-D4F1A34B364F}.RelWithDebInfo|x64.ActiveCfg = RelWithDebInfo|x64
		{84896E56-9972-3DC1-AE24-D4F1A34B364F}.RelWithDebInfo|x64.Build.0 = RelWithDebInfo|x64
	EndGlobalSection
	GlobalSection(ExtensibilityGlobals) = postSolution
		SolutionGuid = {7445C0CB-F769-35E3-A591-9A8384B714AE}
	EndGlobalSection
	GlobalSection(ExtensibilityAddIns) = postSolution
	EndGlobalSection
EndGlobal
